
Microsoft Visual Studio Solution File, Format Version 12.00
# Visual Studio Version 17
VisualStudioVersion = 17.4.33213.308
MinimumVisualStudioVersion = 10.0.40219.1
Project("{9A19103F-16F7-4668-BE54-9A1E7A4F7556}") = "Calculator.Core", "Calculator.Core\Calculator.Core.csproj", "{F1D48649-2EE5-447D-9662-74A873243DCB}"
EndProject
Project("{9A19103F-16F7-4668-BE54-9A1E7A4F7556}") = "Caculator.UIConsole", "Caculator.UIConsole\Caculator.UIConsole.csproj", "{969574FD-7578-4DAC-B739-B8B8DF92C7CF}"
EndProject
Project("{FAE04EC0-301F-11D3-BF4B-00C04F79EFBC}") = "Calculator.Core.Test", "Calculator.Core.Test\Calculator.Core.Test.csproj", "{ED33205A-85B7-4D07-8CC4-E238018F3DAF}"
EndProject
Global
	GlobalSection(SolutionConfigurationPlatforms) = preSolution
		Debug|Any CPU = Debug|Any CPU
		Debug|ARM = Debug|ARM
		Debug|ARM64 = Debug|ARM64
		Debug|x64 = Debug|x64
		Debug|x86 = Debug|x86
		Release|Any CPU = Release|Any CPU
		Release|ARM = Release|ARM
		Release|ARM64 = Release|ARM64
		Release|x64 = Release|x64
		Release|x86 = Release|x86
	EndGlobalSection
	GlobalSection(ProjectConfigurationPlatforms) = postSolution
		{A3F3A3EA-491C-4EA3-9057-A2B6A5F659F3}.Debug|Any CPU.ActiveCfg = Debug|x64
		{A3F3A3EA-491C-4EA3-9057-A2B6A5F659F3}.Debug|Any CPU.Build.0 = Debug|x64
		{A3F3A3EA-491C-4EA3-9057-A2B6A5F659F3}.Debug|Any CPU.Deploy.0 = Debug|x64
		{A3F3A3EA-491C-4EA3-9057-A2B6A5F659F3}.Debug|ARM.ActiveCfg = Debug|ARM
		{A3F3A3EA-491C-4EA3-9057-A2B6A5F659F3}.Debug|ARM.Build.0 = Debug|ARM
		{A3F3A3EA-491C-4EA3-9057-A2B6A5F659F3}.Debug|ARM.Deploy.0 = Debug|ARM
		{A3F3A3EA-491C-4EA3-9057-A2B6A5F659F3}.Debug|ARM64.ActiveCfg = Debug|ARM64
		{A3F3A3EA-491C-4EA3-9057-A2B6A5F659F3}.Debug|ARM64.Build.0 = Debug|ARM64
		{A3F3A3EA-491C-4EA3-9057-A2B6A5F659F3}.Debug|ARM64.Deploy.0 = Debug|ARM64
		{A3F3A3EA-491C-4EA3-9057-A2B6A5F659F3}.Debug|x64.ActiveCfg = Debug|x64
		{A3F3A3EA-491C-4EA3-9057-A2B6A5F659F3}.Debug|x64.Build.0 = Debug|x64
		{A3F3A3EA-491C-4EA3-9057-A2B6A5F659F3}.Debug|x64.Deploy.0 = Debug|x64
		{A3F3A3EA-491C-4EA3-9057-A2B6A5F659F3}.Debug|x86.ActiveCfg = Debug|x86
		{A3F3A3EA-491C-4EA3-9057-A2B6A5F659F3}.Debug|x86.Build.0 = Debug|x86
		{A3F3A3EA-491C-4EA3-9057-A2B6A5F659F3}.Debug|x86.Deploy.0 = Debug|x86
		{A3F3A3EA-491C-4EA3-9057-A2B6A5F659F3}.Release|Any CPU.ActiveCfg = Release|x64
		{A3F3A3EA-491C-4EA3-9057-A2B6A5F659F3}.Release|Any CPU.Build.0 = Release|x64
		{A3F3A3EA-491C-4EA3-9057-A2B6A5F659F3}.Release|Any CPU.Deploy.0 = Release|x64
		{A3F3A3EA-491C-4EA3-9057-A2B6A5F659F3}.Release|ARM.ActiveCfg = Release|ARM
		{A3F3A3EA-491C-4EA3-9057-A2B6A5F659F3}.Release|ARM.Build.0 = Release|ARM
		{A3F3A3EA-491C-4EA3-9057-A2B6A5F659F3}.Release|ARM.Deploy.0 = Release|ARM
		{A3F3A3EA-491C-4EA3-9057-A2B6A5F659F3}.Release|ARM64.ActiveCfg = Release|ARM64
		{A3F3A3EA-491C-4EA3-9057-A2B6A5F659F3}.Release|ARM64.Build.0 = Release|ARM64
		{A3F3A3EA-491C-4EA3-9057-A2B6A5F659F3}.Release|ARM64.Deploy.0 = Release|ARM64
		{A3F3A3EA-491C-4EA3-9057-A2B6A5F659F3}.Release|x64.ActiveCfg = Release|x64
		{A3F3A3EA-491C-4EA3-9057-A2B6A5F659F3}.Release|x64.Build.0 = Release|x64
		{A3F3A3EA-491C-4EA3-9057-A2B6A5F659F3}.Release|x64.Deploy.0 = Release|x64
		{A3F3A3EA-491C-4EA3-9057-A2B6A5F659F3}.Release|x86.ActiveCfg = Release|x86
		{A3F3A3EA-491C-4EA3-9057-A2B6A5F659F3}.Release|x86.Build.0 = Release|x86
		{A3F3A3EA-491C-4EA3-9057-A2B6A5F659F3}.Release|x86.Deploy.0 = Release|x86
		{F1D48649-2EE5-447D-9662-74A873243DCB}.Debug|Any CPU.ActiveCfg = Debug|Any CPU
		{F1D48649-2EE5-447D-9662-74A873243DCB}.Debug|Any CPU.Build.0 = Debug|Any CPU
		{F1D48649-2EE5-447D-9662-74A873243DCB}.Debug|ARM.ActiveCfg = Debug|Any CPU
		{F1D48649-2EE5-447D-9662-74A873243DCB}.Debug|ARM.Build.0 = Debug|Any CPU
		{F1D48649-2EE5-447D-9662-74A873243DCB}.Debug|ARM64.ActiveCfg = Debug|Any CPU
		{F1D48649-2EE5-447D-9662-74A873243DCB}.Debug|ARM64.Build.0 = Debug|Any CPU
		{F1D48649-2EE5-447D-9662-74A873243DCB}.Debug|x64.ActiveCfg = Debug|Any CPU
		{F1D48649-2EE5-447D-9662-74A873243DCB}.Debug|x64.Build.0 = Debug|Any CPU
		{F1D48649-2EE5-447D-9662-74A873243DCB}.Debug|x86.ActiveCfg = Debug|Any CPU
		{F1D48649-2EE5-447D-9662-74A873243DCB}.Debug|x86.Build.0 = Debug|Any CPU
		{F1D48649-2EE5-447D-9662-74A873243DCB}.Release|Any CPU.ActiveCfg = Release|Any CPU
		{F1D48649-2EE5-447D-9662-74A873243DCB}.Release|Any CPU.Build.0 = Release|Any CPU
		{F1D48649-2EE5-447D-9662-74A873243DCB}.Release|ARM.ActiveCfg = Release|Any CPU
		{F1D48649-2EE5-447D-9662-74A873243DCB}.Release|ARM.Build.0 = Release|Any CPU
		{F1D48649-2EE5-447D-9662-74A873243DCB}.Release|ARM64.ActiveCfg = Release|Any CPU
		{F1D48649-2EE5-447D-9662-74A873243DCB}.Release|ARM64.Build.0 = Release|Any CPU
		{F1D48649-2EE5-447D-9662-74A873243DCB}.Release|x64.ActiveCfg = Release|Any CPU
		{F1D48649-2EE5-447D-9662-74A873243DCB}.Release|x64.Build.0 = Release|Any CPU
		{F1D48649-2EE5-447D-9662-74A873243DCB}.Release|x86.ActiveCfg = Release|Any CPU
		{F1D48649-2EE5-447D-9662-74A873243DCB}.Release|x86.Build.0 = Release|Any CPU
		{969574FD-7578-4DAC-B739-B8B8DF92C7CF}.Debug|Any CPU.ActiveCfg = Debug|Any CPU
		{969574FD-7578-4DAC-B739-B8B8DF92C7CF}.Debug|Any CPU.Build.0 = Debug|Any CPU
		{969574FD-7578-4DAC-B739-B8B8DF92C7CF}.Debug|ARM.ActiveCfg = Debug|Any CPU
		{969574FD-7578-4DAC-B739-B8B8DF92C7CF}.Debug|ARM.Build.0 = Debug|Any CPU
		{969574FD-7578-4DAC-B739-B8B8DF92C7CF}.Debug|ARM64.ActiveCfg = Debug|Any CPU
		{969574FD-7578-4DAC-B739-B8B8DF92C7CF}.Debug|ARM64.Build.0 = Debug|Any CPU
		{969574FD-7578-4DAC-B739-B8B8DF92C7CF}.Debug|x64.ActiveCfg = Debug|Any CPU
		{969574FD-7578-4DAC-B739-B8B8DF92C7CF}.Debug|x64.Build.0 = Debug|Any CPU
		{969574FD-7578-4DAC-B739-B8B8DF92C7CF}.Debug|x86.ActiveCfg = Debug|Any CPU
		{969574FD-7578-4DAC-B739-B8B8DF92C7CF}.Debug|x86.Build.0 = Debug|Any CPU
		{969574FD-7578-4DAC-B739-B8B8DF92C7CF}.Release|Any CPU.ActiveCfg = Release|Any CPU
		{969574FD-7578-4DAC-B739-B8B8DF92C7CF}.Release|Any CPU.Build.0 = Release|Any CPU
		{969574FD-7578-4DAC-B739-B8B8DF92C7CF}.Release|ARM.ActiveCfg = Release|Any CPU
		{969574FD-7578-4DAC-B739-B8B8DF92C7CF}.Release|ARM.Build.0 = Release|Any CPU
		{969574FD-7578-4DAC-B739-B8B8DF92C7CF}.Release|ARM64.ActiveCfg = Release|Any CPU
		{969574FD-7578-4DAC-B739-B8B8DF92C7CF}.Release|ARM64.Build.0 = Release|Any CPU
		{969574FD-7578-4DAC-B739-B8B8DF92C7CF}.Release|x64.ActiveCfg = Release|Any CPU
		{969574FD-7578-4DAC-B739-B8B8DF92C7CF}.Release|x64.Build.0 = Release|Any CPU
		{969574FD-7578-4DAC-B739-B8B8DF92C7CF}.Release|x86.ActiveCfg = Release|Any CPU
		{969574FD-7578-4DAC-B739-B8B8DF92C7CF}.Release|x86.Build.0 = Release|Any CPU
		{ED33205A-85B7-4D07-8CC4-E238018F3DAF}.Debug|Any CPU.ActiveCfg = Debug|Any CPU
		{ED33205A-85B7-4D07-8CC4-E238018F3DAF}.Debug|Any CPU.Build.0 = Debug|Any CPU
		{ED33205A-85B7-4D07-8CC4-E238018F3DAF}.Debug|ARM.ActiveCfg = Debug|Any CPU
		{ED33205A-85B7-4D07-8CC4-E238018F3DAF}.Debug|ARM.Build.0 = Debug|Any CPU
		{ED33205A-85B7-4D07-8CC4-E238018F3DAF}.Debug|ARM64.ActiveCfg = Debug|Any CPU
		{ED33205A-85B7-4D07-8CC4-E238018F3DAF}.Debug|ARM64.Build.0 = Debug|Any CPU
		{ED33205A-85B7-4D07-8CC4-E238018F3DAF}.Debug|x64.ActiveCfg = Debug|Any CPU
		{ED33205A-85B7-4D07-8CC4-E238018F3DAF}.Debug|x64.Build.0 = Debug|Any CPU
		{ED33205A-85B7-4D07-8CC4-E238018F3DAF}.Debug|x86.ActiveCfg = Debug|Any CPU
		{ED33205A-85B7-4D07-8CC4-E238018F3DAF}.Debug|x86.Build.0 = Debug|Any CPU
		{ED33205A-85B7-4D07-8CC4-E238018F3DAF}.Release|Any CPU.ActiveCfg = Release|Any CPU
		{ED33205A-85B7-4D07-8CC4-E238018F3DAF}.Release|Any CPU.Build.0 = Release|Any CPU
		{ED33205A-85B7-4D07-8CC4-E238018F3DAF}.Release|ARM.ActiveCfg = Release|Any CPU
		{ED33205A-85B7-4D07-8CC4-E238018F3DAF}.Release|ARM.Build.0 = Release|Any CPU
		{ED33205A-85B7-4D07-8CC4-E238018F3DAF}.Release|ARM64.ActiveCfg = Release|Any CPU
		{ED33205A-85B7-4D07-8CC4-E238018F3DAF}.Release|ARM64.Build.0 = Release|Any CPU
		{ED33205A-85B7-4D07-8CC4-E238018F3DAF}.Release|x64.ActiveCfg = Release|Any CPU
		{ED33205A-85B7-4D07-8CC4-E238018F3DAF}.Release|x64.Build.0 = Release|Any CPU
		{ED33205A-85B7-4D07-8CC4-E238018F3DAF}.Release|x86.ActiveCfg = Release|Any CPU
		{ED33205A-85B7-4D07-8CC4-E238018F3DAF}.Release|x86.Build.0 = Release|Any CPU
	EndGlobalSection
	GlobalSection(SolutionProperties) = preSolution
		HideSolutionNode = FALSE
	EndGlobalSection
	GlobalSection(ExtensibilityGlobals) = postSolution
		SolutionGuid = {409F92AC-23AA-4063-814A-FDF91BC2F1A0}
	EndGlobalSection
EndGlobal
